PODS:
  - Nimble (7.0.3)
  - Quick (1.2.0)
  - STextFormatter (1.0.0)

DEPENDENCIES:
  - Nimble
  - Quick
  - STextFormatter (from `../`)

EXTERNAL SOURCES:
  STextFormatter:
    :path: ../

SPEC CHECKSUMS:
  Nimble: 7f5a9c447a33002645a071bddafbfb24ea70e0ac
  Quick: 58d203b1c5e27fff7229c4c1ae445ad7069a7a08
  STextFormatter: ee8e522af6cc910ef070860e9c64915d31841137

PODFILE CHECKSUM: b5d2ee17a2eda7d04a785f3972613c36da1727f6

COCOAPODS: 1.4.0
